
Microsoft Visual Studio Solution File, Format Version 11.00
# Visual Studio 2010
Project("{FAE04EC0-301F-11D3-BF4B-00C04F79EFBC}") = "A Star  Search", "Assembly-CSharp.csproj", "{D189B78A-69CA-2A1D-0556-04FA8234701F}"
EndProject
Global
	GlobalSection(SolutionConfigurationPlatforms) = preSolution
		Debug|Any CPU = Debug|Any CPU
		Release|Any CPU = Release|Any CPU
	EndGlobalSection
	GlobalSection(ProjectConfigurationPlatforms) = postSolution
		{D189B78A-69CA-2A1D-0556-04FA8234701F}.Debug|Any CPU.ActiveCfg = Debug|Any CPU
		{D189B78A-69CA-2A1D-0556-04FA8234701F}.Debug|Any CPU.Build.0 = Debug|Any CPU
		{D189B78A-69CA-2A1D-0556-04FA8234701F}.Release|Any CPU.ActiveCfg = Release|Any CPU
		{D189B78A-69CA-2A1D-0556-04FA8234701F}.Release|Any CPU.Build.0 = Release|Any CPU
	EndGlobalSection
	GlobalSection(SolutionProperties) = preSolution
		HideSolutionNode = FALSE
	EndGlobalSection
	GlobalSection(MonoDevelopProperties) = preSolution
		StartupItem = Assembly-CSharp.csproj
	EndGlobalSection
EndGlobal
